
Microsoft Visual Studio Solution File, Format Version 12.00
# Visual Studio 15
VisualStudioVersion = 15.0.28307.271
MinimumVisualStudioVersion = 10.0.40219.1
Project("{FAE04EC0-301F-11D3-BF4B-00C04F79EFBC}") = "PlayingWithRefit", "PlayingWithRefit\PlayingWithRefit.csproj", "{5FBBFF31-59DE-437C-BC71-987E9415A256}"
EndProject
Global
	GlobalSection(SolutionConfigurationPlatforms) = preSolution
		Debug|Any CPU = Debug|Any CPU
		Release|Any CPU = Release|Any CPU
	EndGlobalSection
	GlobalSection(ProjectConfigurationPlatforms) = postSolution
		{5FBBFF31-59DE-437C-BC71-987E9415A256}.Debug|Any CPU.ActiveCfg = Debug|Any CPU
		{5FBBFF31-59DE-437C-BC71-987E9415A256}.Debug|Any CPU.Build.0 = Debug|Any CPU
		{5FBBFF31-59DE-437C-BC71-987E9415A256}.Release|Any CPU.ActiveCfg = Release|Any CPU
		{5FBBFF31-59DE-437C-BC71-987E9415A256}.Release|Any CPU.Build.0 = Release|Any CPU
	EndGlobalSection
	GlobalSection(SolutionProperties) = preSolution
		HideSolutionNode = FALSE
	EndGlobalSection
	GlobalSection(ExtensibilityGlobals) = postSolution
		SolutionGuid = {659283EE-D098-407C-8A7E-7F941DDA9CE4}
	EndGlobalSection
EndGlobal
